
Microsoft Visual Studio Solution File, Format Version 12.00
# Visual Studio 2013
VisualStudioVersion = 12.0.30324.0
MinimumVisualStudioVersion = 10.0.40219.1
Project("{8BC9CEB8-8B4A-11D0-8D11-00A0C91BC942}") = "Exercise_1", "Exercise_1\Exercise_1.vcxproj", "{F4DC9A4A-9602-4EF9-92F0-6296282097ED}"
EndProject
Global
	GlobalSection(SolutionConfigurationPlatforms) = preSolution
		Debug|Win32 = Debug|Win32
		Release|Win32 = Release|Win32
	EndGlobalSection
	GlobalSection(ProjectConfigurationPlatforms) = postSolution
		{F4DC9A4A-9602-4EF9-92F0-6296282097ED}.Debug|Win32.ActiveCfg = Debug|Win32
		{F4DC9A4A-9602-4EF9-92F0-6296282097ED}.Debug|Win32.Build.0 = Debug|Win32
		{F4DC9A4A-9602-4EF9-92F0-6296282097ED}.Release|Win32.ActiveCfg = Release|Win32
		{F4DC9A4A-9602-4EF9-92F0-6296282097ED}.Release|Win32.Build.0 = Release|Win32
	EndGlobalSection
	GlobalSection(SolutionProperties) = preSolution
		HideSolutionNode = FALSE
	EndGlobalSection
EndGlobal
